
Microsoft Visual Studio Solution File, Format Version 12.00
# Visual Studio Version 17
VisualStudioVersion = 17.2.32630.192
MinimumVisualStudioVersion = 10.0.40219.1
Project("{FAE04EC0-301F-11D3-BF4B-00C04F79EFBC}") = "Snake", "Snake\Snake.csproj", "{B41A42B8-48D6-4726-8265-8433B66B5729}"
EndProject
Global
	GlobalSection(SolutionConfigurationPlatforms) = preSolution
		Debug|Any CPU = Debug|Any CPU
		Release|Any CPU = Release|Any CPU
	EndGlobalSection
	GlobalSection(ProjectConfigurationPlatforms) = postSolution
		{B41A42B8-48D6-4726-8265-8433B66B5729}.Debug|Any CPU.ActiveCfg = Debug|Any CPU
		{B41A42B8-48D6-4726-8265-8433B66B5729}.Debug|Any CPU.Build.0 = Debug|Any CPU
		{B41A42B8-48D6-4726-8265-8433B66B5729}.Release|Any CPU.ActiveCfg = Release|Any CPU
		{B41A42B8-48D6-4726-8265-8433B66B5729}.Release|Any CPU.Build.0 = Release|Any CPU
	EndGlobalSection
	GlobalSection(SolutionProperties) = preSolution
		HideSolutionNode = FALSE
	EndGlobalSection
	GlobalSection(ExtensibilityGlobals) = postSolution
		SolutionGuid = {FFA6C7D8-C49B-4C00-8E07-8471E9DCEEA1}
	EndGlobalSection
EndGlobal
